
Microsoft Visual Studio Solution File, Format Version 12.00
# Visual Studio 15
VisualStudioVersion = 15.0.27428.2037
MinimumVisualStudioVersion = 10.0.40219.1
Project("{FAE04EC0-301F-11D3-BF4B-00C04F79EFBC}") = "HelloWorld", "HelloWorld\HelloWorld.csproj", "{27435C47-4EA2-46CA-BED4-745B71718C7C}"
EndProject
Global
	GlobalSection(SolutionConfigurationPlatforms) = preSolution
		Debug|Any CPU = Debug|Any CPU
		Release|Any CPU = Release|Any CPU
	EndGlobalSection
	GlobalSection(ProjectConfigurationPlatforms) = postSolution
		{27435C47-4EA2-46CA-BED4-745B71718C7C}.Debug|Any CPU.ActiveCfg = Debug|Any CPU
		{27435C47-4EA2-46CA-BED4-745B71718C7C}.Debug|Any CPU.Build.0 = Debug|Any CPU
		{27435C47-4EA2-46CA-BED4-745B71718C7C}.Release|Any CPU.ActiveCfg = Release|Any CPU
		{27435C47-4EA2-46CA-BED4-745B71718C7C}.Release|Any CPU.Build.0 = Release|Any CPU
	EndGlobalSection
	GlobalSection(SolutionProperties) = preSolution
		HideSolutionNode = FALSE
	EndGlobalSection
	GlobalSection(ExtensibilityGlobals) = postSolution
		SolutionGuid = {B3004A02-E6DA-4F0F-8392-66852E9A4DEC}
	EndGlobalSection
EndGlobal
